
Microsoft Visual Studio Solution File, Format Version 12.00
# Visual Studio Version 16
VisualStudioVersion = 16.0.33130.400
MinimumVisualStudioVersion = 10.0.40219.1
Project("{FAE04EC0-301F-11D3-BF4B-00C04F79EFBC}") = "employee management", "employee management\employee management.csproj", "{EB3882D3-DAE1-4289-B30F-52E1FC2A21B6}"
EndProject
Global
	GlobalSection(SolutionConfigurationPlatforms) = preSolution
		Debug|Any CPU = Debug|Any CPU
		Release|Any CPU = Release|Any CPU
	EndGlobalSection
	GlobalSection(ProjectConfigurationPlatforms) = postSolution
		{EB3882D3-DAE1-4289-B30F-52E1FC2A21B6}.Debug|Any CPU.ActiveCfg = Debug|Any CPU
		{EB3882D3-DAE1-4289-B30F-52E1FC2A21B6}.Debug|Any CPU.Build.0 = Debug|Any CPU
		{EB3882D3-DAE1-4289-B30F-52E1FC2A21B6}.Release|Any CPU.ActiveCfg = Release|Any CPU
		{EB3882D3-DAE1-4289-B30F-52E1FC2A21B6}.Release|Any CPU.Build.0 = Release|Any CPU
	EndGlobalSection
	GlobalSection(SolutionProperties) = preSolution
		HideSolutionNode = FALSE
	EndGlobalSection
	GlobalSection(ExtensibilityGlobals) = postSolution
		SolutionGuid = {64280021-3A91-409D-8955-6D146205F69F}
	EndGlobalSection
EndGlobal
